
Microsoft Visual Studio Solution File, Format Version 12.00
# Visual Studio Version 16
VisualStudioVersion = 16.0.31727.386
MinimumVisualStudioVersion = 10.0.40219.1
Project("{9A19103F-16F7-4668-BE54-9A1E7A4F7556}") = "FourthWeekVideoWorks", "FourthWeekVideoWorks\FourthWeekVideoWorks.csproj", "{7A105B92-5497-440A-B130-1D4D2E79DAA4}"
EndProject
Project("{9A19103F-16F7-4668-BE54-9A1E7A4F7556}") = "ReferenceTypes", "ReferenceTypes\ReferenceTypes.csproj", "{83C699E7-A16D-4F6D-A7E9-1DD78256501D}"
EndProject
Project("{9A19103F-16F7-4668-BE54-9A1E7A4F7556}") = "Constructors", "Constructors\Constructors.csproj", "{D3269DC4-1088-4ED0-8B6A-720CEE49CF8B}"
EndProject
Project("{9A19103F-16F7-4668-BE54-9A1E7A4F7556}") = "GenericClass", "GenericClass\GenericClass.csproj", "{569040E5-1726-4A17-A039-FC41DB9A7F63}"
EndProject
Project("{FAE04EC0-301F-11D3-BF4B-00C04F79EFBC}") = "DictionaryRecap", "DictionaryRecap\DictionaryRecap.csproj", "{D37FD816-D204-47EB-BAF6-BC7BC8E9142B}"
EndProject
Global
	GlobalSection(SolutionConfigurationPlatforms) = preSolution
		Debug|Any CPU = Debug|Any CPU
		Release|Any CPU = Release|Any CPU
	EndGlobalSection
	GlobalSection(ProjectConfigurationPlatforms) = postSolution
		{7A105B92-5497-440A-B130-1D4D2E79DAA4}.Debug|Any CPU.ActiveCfg = Debug|Any CPU
		{7A105B92-5497-440A-B130-1D4D2E79DAA4}.Debug|Any CPU.Build.0 = Debug|Any CPU
		{7A105B92-5497-440A-B130-1D4D2E79DAA4}.Release|Any CPU.ActiveCfg = Release|Any CPU
		{7A105B92-5497-440A-B130-1D4D2E79DAA4}.Release|Any CPU.Build.0 = Release|Any CPU
		{83C699E7-A16D-4F6D-A7E9-1DD78256501D}.Debug|Any CPU.ActiveCfg = Debug|Any CPU
		{83C699E7-A16D-4F6D-A7E9-1DD78256501D}.Debug|Any CPU.Build.0 = Debug|Any CPU
		{83C699E7-A16D-4F6D-A7E9-1DD78256501D}.Release|Any CPU.ActiveCfg = Release|Any CPU
		{83C699E7-A16D-4F6D-A7E9-1DD78256501D}.Release|Any CPU.Build.0 = Release|Any CPU
		{D3269DC4-1088-4ED0-8B6A-720CEE49CF8B}.Debug|Any CPU.ActiveCfg = Debug|Any CPU
		{D3269DC4-1088-4ED0-8B6A-720CEE49CF8B}.Debug|Any CPU.Build.0 = Debug|Any CPU
		{D3269DC4-1088-4ED0-8B6A-720CEE49CF8B}.Release|Any CPU.ActiveCfg = Release|Any CPU
		{D3269DC4-1088-4ED0-8B6A-720CEE49CF8B}.Release|Any CPU.Build.0 = Release|Any CPU
		{569040E5-1726-4A17-A039-FC41DB9A7F63}.Debug|Any CPU.ActiveCfg = Debug|Any CPU
		{569040E5-1726-4A17-A039-FC41DB9A7F63}.Debug|Any CPU.Build.0 = Debug|Any CPU
		{569040E5-1726-4A17-A039-FC41DB9A7F63}.Release|Any CPU.ActiveCfg = Release|Any CPU
		{569040E5-1726-4A17-A039-FC41DB9A7F63}.Release|Any CPU.Build.0 = Release|Any CPU
		{D37FD816-D204-47EB-BAF6-BC7BC8E9142B}.Debug|Any CPU.ActiveCfg = Debug|Any CPU
		{D37FD816-D204-47EB-BAF6-BC7BC8E9142B}.Debug|Any CPU.Build.0 = Debug|Any CPU
		{D37FD816-D204-47EB-BAF6-BC7BC8E9142B}.Release|Any CPU.ActiveCfg = Release|Any CPU
		{D37FD816-D204-47EB-BAF6-BC7BC8E9142B}.Release|Any CPU.Build.0 = Release|Any CPU
	EndGlobalSection
	GlobalSection(SolutionProperties) = preSolution
		HideSolutionNode = FALSE
	EndGlobalSection
	GlobalSection(ExtensibilityGlobals) = postSolution
		SolutionGuid = {521F177F-7DC2-431E-8FA0-20A440A53DC8}
	EndGlobalSection
EndGlobal
